
Microsoft Visual Studio Solution File, Format Version 12.00
# Visual Studio Version 16
VisualStudioVersion = 16.0.32106.194
MinimumVisualStudioVersion = 10.0.40219.1
Project("{FAE04EC0-301F-11D3-BF4B-00C04F79EFBC}") = "LR03", "LR03.csproj", "{0BEBE902-9FB8-476B-AA07-FCDAFA73E1C5}"
EndProject
Global
	GlobalSection(SolutionConfigurationPlatforms) = preSolution
		Debug|Any CPU = Debug|Any CPU
		Release|Any CPU = Release|Any CPU
	EndGlobalSection
	GlobalSection(ProjectConfigurationPlatforms) = postSolution
		{0BEBE902-9FB8-476B-AA07-FCDAFA73E1C5}.Debug|Any CPU.ActiveCfg = Debug|Any CPU
		{0BEBE902-9FB8-476B-AA07-FCDAFA73E1C5}.Debug|Any CPU.Build.0 = Debug|Any CPU
		{0BEBE902-9FB8-476B-AA07-FCDAFA73E1C5}.Release|Any CPU.ActiveCfg = Release|Any CPU
		{0BEBE902-9FB8-476B-AA07-FCDAFA73E1C5}.Release|Any CPU.Build.0 = Release|Any CPU
	EndGlobalSection
	GlobalSection(SolutionProperties) = preSolution
		HideSolutionNode = FALSE
	EndGlobalSection
	GlobalSection(ExtensibilityGlobals) = postSolution
		SolutionGuid = {FDA034BD-6966-4666-B9BF-6789CCEA2542}
	EndGlobalSection
EndGlobal
