
Microsoft Visual Studio Solution File, Format Version 12.00
# Visual Studio Version 16
VisualStudioVersion = 16.0.31702.278
MinimumVisualStudioVersion = 10.0.40219.1
Project("{FAE04EC0-301F-11D3-BF4B-00C04F79EFBC}") = "ConsoleApp2", "ConsoleApp2.csproj", "{074E1960-C6EF-486D-9A1A-C0CDEFF92745}"
EndProject
Global
	GlobalSection(SolutionConfigurationPlatforms) = preSolution
		Debug|Any CPU = Debug|Any CPU
		Release|Any CPU = Release|Any CPU
	EndGlobalSection
	GlobalSection(ProjectConfigurationPlatforms) = postSolution
		{074E1960-C6EF-486D-9A1A-C0CDEFF92745}.Debug|Any CPU.ActiveCfg = Debug|Any CPU
		{074E1960-C6EF-486D-9A1A-C0CDEFF92745}.Debug|Any CPU.Build.0 = Debug|Any CPU
		{074E1960-C6EF-486D-9A1A-C0CDEFF92745}.Release|Any CPU.ActiveCfg = Release|Any CPU
		{074E1960-C6EF-486D-9A1A-C0CDEFF92745}.Release|Any CPU.Build.0 = Release|Any CPU
	EndGlobalSection
	GlobalSection(SolutionProperties) = preSolution
		HideSolutionNode = FALSE
	EndGlobalSection
	GlobalSection(ExtensibilityGlobals) = postSolution
		SolutionGuid = {AEB69982-0BA2-46ED-9642-7B7CC41049BD}
	EndGlobalSection
EndGlobal
