
Microsoft Visual Studio Solution File, Format Version 12.00
# Visual Studio Version 17
VisualStudioVersion = 17.1.32414.318
MinimumVisualStudioVersion = 10.0.40219.1
Project("{FAE04EC0-301F-11D3-BF4B-00C04F79EFBC}") = "LR07", "LR07.csproj", "{32D256CC-843C-4D27-B50D-F200E39CD08B}"
EndProject
Global
	GlobalSection(SolutionConfigurationPlatforms) = preSolution
		Debug|Any CPU = Debug|Any CPU
		Release|Any CPU = Release|Any CPU
	EndGlobalSection
	GlobalSection(ProjectConfigurationPlatforms) = postSolution
		{32D256CC-843C-4D27-B50D-F200E39CD08B}.Debug|Any CPU.ActiveCfg = Debug|Any CPU
		{32D256CC-843C-4D27-B50D-F200E39CD08B}.Debug|Any CPU.Build.0 = Debug|Any CPU
		{32D256CC-843C-4D27-B50D-F200E39CD08B}.Release|Any CPU.ActiveCfg = Release|Any CPU
		{32D256CC-843C-4D27-B50D-F200E39CD08B}.Release|Any CPU.Build.0 = Release|Any CPU
	EndGlobalSection
	GlobalSection(SolutionProperties) = preSolution
		HideSolutionNode = FALSE
	EndGlobalSection
	GlobalSection(ExtensibilityGlobals) = postSolution
		SolutionGuid = {601F98F2-E107-44A8-9FB8-E1D2A26819FA}
	EndGlobalSection
EndGlobal
