
Microsoft Visual Studio Solution File, Format Version 12.00
# Visual Studio Version 17
VisualStudioVersion = 17.3.32929.385
MinimumVisualStudioVersion = 10.0.40219.1
Project("{FAE04EC0-301F-11D3-BF4B-00C04F79EFBC}") = "LR4", "LR4.csproj", "{183083E2-2D7F-4B56-92DD-E61829A8FDC4}"
EndProject
Global
	GlobalSection(SolutionConfigurationPlatforms) = preSolution
		Debug|Any CPU = Debug|Any CPU
		Release|Any CPU = Release|Any CPU
	EndGlobalSection
	GlobalSection(ProjectConfigurationPlatforms) = postSolution
		{183083E2-2D7F-4B56-92DD-E61829A8FDC4}.Debug|Any CPU.ActiveCfg = Debug|Any CPU
		{183083E2-2D7F-4B56-92DD-E61829A8FDC4}.Debug|Any CPU.Build.0 = Debug|Any CPU
		{183083E2-2D7F-4B56-92DD-E61829A8FDC4}.Release|Any CPU.ActiveCfg = Release|Any CPU
		{183083E2-2D7F-4B56-92DD-E61829A8FDC4}.Release|Any CPU.Build.0 = Release|Any CPU
	EndGlobalSection
	GlobalSection(SolutionProperties) = preSolution
		HideSolutionNode = FALSE
	EndGlobalSection
	GlobalSection(ExtensibilityGlobals) = postSolution
		SolutionGuid = {714B2D9B-8E67-4625-B912-E7027036FD8F}
	EndGlobalSection
EndGlobal
